// !$*UTF8*$!
{
	archiveVersion = 1;
	classes = {
	};
	objectVersion = 46;
	objects = {

/* Begin PBXBuildFile section */
		1A189F7A1F5B0BB300FC9458 /* main.m in Sources */ = {isa = PBXBuildFile; fileRef = 1A189F791F5B0BB300FC9458 /* main.m */; };
		1A189F7D1F5B0BB300FC9458 /* AppDelegate.m in Sources */ = {isa = PBXBuildFile; fileRef = 1A189F7C1F5B0BB300FC9458 /* AppDelegate.m */; };
		1A189F831F5B0BB300FC9458 /* Main.storyboard in Resources */ = {isa = PBXBuildFile; fileRef = 1A189F811F5B0BB300FC9458 /* Main.storyboard */; };
		1A189F851F5B0BB300FC9458 /* Assets.xcassets in Resources */ = {isa = PBXBuildFile; fileRef = 1A189F841F5B0BB300FC9458 /* Assets.xcassets */; };
		1A189F881F5B0BB300FC9458 /* LaunchScreen.storyboard in Resources */ = {isa = PBXBuildFile; fileRef = 1A189F861F5B0BB300FC9458 /* LaunchScreen.storyboard */; };
		1A189F9B1F5B0D0700FC9458 /* ViewController.m in Sources */ = {isa = PBXBuildFile; fileRef = 1A189F971F5B0D0700FC9458 /* ViewController.m */; };
		1A189F9E1F5B0D9400FC9458 /* Calculate.m in Sources */ = {isa = PBXBuildFile; fileRef = 1A189F9D1F5B0D9400FC9458 /* Calculate.m */; };
		1A189FA11F5B0DC400FC9458 /* ContentView.m in Sources */ = {isa = PBXBuildFile; fileRef = 1A189FA01F5B0DC400FC9458 /* ContentView.m */; };
/* End PBXBuildFile section */

/* Begin PBXFileReference section */
		1A189F751F5B0BB300FC9458 /* MVC_variants.app */ = {isa = PBXFileReference; explicitFileType = wrapper.application; includeInIndex = 0; path = MVC_variants.app; sourceTree = BUILT_PRODUCTS_DIR; };
		1A189F791F5B0BB300FC9458 /* main.m */ = {isa = PBXFileReference; lastKnownFileType = sourcecode.c.objc; path = main.m; sourceTree = "<group>"; };
		1A189F7B1F5B0BB300FC9458 /* AppDelegate.h */ = {isa = PBXFileReference; lastKnownFileType = sourcecode.c.h; path = AppDelegate.h; sourceTree = "<group>"; };
		1A189F7C1F5B0BB300FC9458 /* AppDelegate.m */ = {isa = PBXFileReference; lastKnownFileType = sourcecode.c.objc; path = AppDelegate.m; sourceTree = "<group>"; };
		1A189F821F5B0BB300FC9458 /* Base */ = {isa = PBXFileReference; lastKnownFileType = file.storyboard; name = Base; path = Base.lproj/Main.storyboard; sourceTree = "<group>"; };
		1A189F841F5B0BB300FC9458 /* Assets.xcassets */ = {isa = PBXFileReference; lastKnownFileType = folder.assetcatalog; path = Assets.xcassets; sourceTree = "<group>"; };
		1A189F871F5B0BB300FC9458 /* Base */ = {isa = PBXFileReference; lastKnownFileType = file.storyboard; name = Base; path = Base.lproj/LaunchScreen.storyboard; sourceTree = "<group>"; };
		1A189F891F5B0BB300FC9458 /* Info.plist */ = {isa = PBXFileReference; lastKnownFileType = text.plist.xml; path = Info.plist; sourceTree = "<group>"; };
		1A189F961F5B0D0700FC9458 /* ViewController.h */ = {isa = PBXFileReference; fileEncoding = 4; lastKnownFileType = sourcecode.c.h; path = ViewController.h; sourceTree = "<group>"; };
		1A189F971F5B0D0700FC9458 /* ViewController.m */ = {isa = PBXFileReference; fileEncoding = 4; lastKnownFileType = sourcecode.c.objc; path = ViewController.m; sourceTree = "<group>"; };
		1A189F9C1F5B0D9400FC9458 /* Calculate.h */ = {isa = PBXFileReference; fileEncoding = 4; lastKnownFileType = sourcecode.c.h; path = Calculate.h; sourceTree = "<group>"; };
		1A189F9D1F5B0D9400FC9458 /* Calculate.m */ = {isa = PBXFileReference; fileEncoding = 4; lastKnownFileType = sourcecode.c.objc; path = Calculate.m; sourceTree = "<group>"; };
		1A189F9F1F5B0DC400FC9458 /* ContentView.h */ = {isa = PBXFileReference; fileEncoding = 4; lastKnownFileType = sourcecode.c.h; path = ContentView.h; sourceTree = "<group>"; };
		1A189FA01F5B0DC400FC9458 /* ContentView.m */ = {isa = PBXFileReference; fileEncoding = 4; lastKnownFileType = sourcecode.c.objc; path = ContentView.m; sourceTree = "<group>"; };
		1A189FA21F5B0E7300FC9458 /* ViewControllerProtocol.h */ = {isa = PBXFileReference; fileEncoding = 4; lastKnownFileType = sourcecode.c.h; path = ViewControllerProtocol.h; sourceTree = "<group>"; };
/* End PBXFileReference section */

/* Begin PBXFrameworksBuildPhase section */
		1A189F721F5B0BB300FC9458 /* Frameworks */ = {
			isa = PBXFrameworksBuildPhase;
			buildActionMask = 2147483647;
			files = (
			);
			runOnlyForDeploymentPostprocessing = 0;
		};
/* End PBXFrameworksBuildPhase section */

/* Begin PBXGroup section */
		1A189F6C1F5B0BB300FC9458 = {
			isa = PBXGroup;
			children = (
				1A189F771F5B0BB300FC9458 /* MVC_variants */,
				1A189F761F5B0BB300FC9458 /* Products */,
			);
			sourceTree = "<group>";
		};
		1A189F761F5B0BB300FC9458 /* Products */ = {
			isa = PBXGroup;
			children = (
				1A189F751F5B0BB300FC9458 /* MVC_variants.app */,
			);
			name = Products;
			sourceTree = "<group>";
		};
		1A189F771F5B0BB300FC9458 /* MVC_variants */ = {
			isa = PBXGroup;
			children = (
				1A189F931F5B0D0700FC9458 /* ViewController */,
				1A189F7B1F5B0BB300FC9458 /* AppDelegate.h */,
				1A189F7C1F5B0BB300FC9458 /* AppDelegate.m */,
				1A189F811F5B0BB300FC9458 /* Main.storyboard */,
				1A189F841F5B0BB300FC9458 /* Assets.xcassets */,
				1A189F861F5B0BB300FC9458 /* LaunchScreen.storyboard */,
				1A189F891F5B0BB300FC9458 /* Info.plist */,
				1A189F781F5B0BB300FC9458 /* Supporting Files */,
			);
			path = MVC_variants;
			sourceTree = "<group>";
		};
		1A189F781F5B0BB300FC9458 /* Supporting Files */ = {
			isa = PBXGroup;
			children = (
				1A189F791F5B0BB300FC9458 /* main.m */,
			);
			name = "Supporting Files";
			sourceTree = "<group>";
		};
		1A189F931F5B0D0700FC9458 /* ViewController */ = {
			isa = PBXGroup;
			children = (
				1A189F941F5B0D0700FC9458 /* MVC */,
			);
			path = ViewController;
			sourceTree = "<group>";
		};
		1A189F941F5B0D0700FC9458 /* MVC */ = {
			isa = PBXGroup;
			children = (
				1A189F951F5B0D0700FC9458 /* Controller */,
				1A189F981F5B0D0700FC9458 /* Model */,
				1A189F991F5B0D0700FC9458 /* Protocols */,
				1A189F9A1F5B0D0700FC9458 /* View */,
			);
			path = MVC;
			sourceTree = "<group>";
		};
		1A189F951F5B0D0700FC9458 /* Controller */ = {
			isa = PBXGroup;
			children = (
				1A189F961F5B0D0700FC9458 /* ViewController.h */,
				1A189F971F5B0D0700FC9458 /* ViewController.m */,
			);
			path = Controller;
			sourceTree = "<group>";
		};
		1A189F981F5B0D0700FC9458 /* Model */ = {
			isa = PBXGroup;
			children = (
				1A189F9C1F5B0D9400FC9458 /* Calculate.h */,
				1A189F9D1F5B0D9400FC9458 /* Calculate.m */,
			);
			path = Model;
			sourceTree = "<group>";
		};
		1A189F991F5B0D0700FC9458 /* Protocols */ = {
			isa = PBXGroup;
			children = (
				1A189FA21F5B0E7300FC9458 /* ViewControllerProtocol.h */,
			);
			path = Protocols;
			sourceTree = "<group>";
		};
		1A189F9A1F5B0D0700FC9458 /* View */ = {
			isa = PBXGroup;
			children = (
				1A189F9F1F5B0DC400FC9458 /* ContentView.h */,
				1A189FA01F5B0DC400FC9458 /* ContentView.m */,
			);
			path = View;
			sourceTree = "<group>";
		};
/* End PBXGroup section */

/* Begin PBXNativeTarget section */
		1A189F741F5B0BB300FC9458 /* MVC_variants */ = {
			isa = PBXNativeTarget;
			buildConfigurationList = 1A189F8C1F5B0BB300FC9458 /* Build configuration list for PBXNativeTarget "MVC_variants" */;
			buildPhases = (
				1A189F711F5B0BB300FC9458 /* Sources */,
				1A189F721F5B0BB300FC9458 /* Frameworks */,
				1A189F731F5B0BB300FC9458 /* Resources */,
			);
			buildRules = (
			);
			dependencies = (
			);
			name = MVC_variants;
			productName = MVC_variants;
			productReference = 1A189F751F5B0BB300FC9458 /* MVC_variants.app */;
			productType = "com.apple.product-type.application";
		};
/* End PBXNativeTarget section */

/* Begin PBXProject section */
		1A189F6D1F5B0BB300FC9458 /* Project object */ = {
			isa = PBXProject;
			attributes = {
				LastUpgradeCheck = 0830;
				ORGANIZATIONNAME = "Vint-Rock";
				TargetAttributes = {
					1A189F741F5B0BB300FC9458 = {
						CreatedOnToolsVersion = 8.3.3;
						DevelopmentTeam = 944KK5XXJ3;
						ProvisioningStyle = Automatic;
					};
				};
			};
			buildConfigurationList = 1A189F701F5B0BB300FC9458 /* Build configuration list for PBXProject "MVC_variants" */;
			compatibilityVersion = "Xcode 3.2";
			developmentRegion = English;
			hasScannedForEncodings = 0;
			knownRegions = (
				en,
				Base,
			);
			mainGroup = 1A189F6C1F5B0BB300FC9458;
			productRefGroup = 1A189F761F5B0BB300FC9458 /* Products */;
			projectDirPath = "";
			projectRoot = "";
			targets = (
				1A189F741F5B0BB300FC9458 /* MVC_variants */,
			);
		};
/* End PBXProject section */

/* Begin PBXResourcesBuildPhase section */
		1A189F731F5B0BB300FC9458 /* Resources */ = {
			isa = PBXResourcesBuildPhase;
			buildActionMask = 2147483647;
			files = (
				1A189F881F5B0BB300FC9458 /* LaunchScreen.storyboard in Resources */,
				1A189F851F5B0BB300FC9458 /* Assets.xcassets in Resources */,
				1A189F831F5B0BB300FC9458 /* Main.storyboard in Resources */,
			);
			runOnlyForDeploymentPostprocessing = 0;
		};
/* End PBXResourcesBuildPhase section */

/* Begin PBXSourcesBuildPhase section */
		1A189F711F5B0BB300FC9458 /* Sources */ = {
			isa = PBXSourcesBuildPhase;
			buildActionMask = 2147483647;
			files = (
				1A189F9E1F5B0D9400FC9458 /* Calculate.m in Sources */,
				1A189F9B1F5B0D0700FC9458 /* ViewController.m in Sources */,
				1A189FA11F5B0DC400FC9458 /* ContentView.m in Sources */,
				1A189F7D1F5B0BB300FC9458 /* AppDelegate.m in Sources */,
				1A189F7A1F5B0BB300FC9458 /* main.m in Sources */,
			);
			runOnlyForDeploymentPostprocessing = 0;
		};
/* End PBXSourcesBuildPhase section */

/* Begin PBXVariantGroup section */
		1A189F811F5B0BB300FC9458 /* Main.storyboard */ = {
			isa = PBXVariantGroup;
			children = (
				1A189F821F5B0BB300FC9458 /* Base */,
			);
			name = Main.storyboard;
			sourceTree = "<group>";
		};
		1A189F861F5B0BB300FC9458 /* LaunchScreen.storyboard */ = {
			isa = PBXVariantGroup;
			children = (
				1A189F871F5B0BB300FC9458 /* Base */,
			);
			name = LaunchScreen.storyboard;
			sourceTree = "<group>";
		};
/* End PBXVariantGroup section */

/* Begin XCBuildConfiguration section */
		1A189F8A1F5B0BB300FC9458 /* Debug */ = {
			isa = XCBuildConfiguration;
			buildSettings = {
				ALWAYS_SEARCH_USER_PATHS = NO;
				CLANG_ANALYZER_NONNULL = YES;
				CLANG_ANALYZER_NUMBER_OBJECT_CONVERSION = YES_AGGRESSIVE;
				CLANG_CXX_LANGUAGE_STANDARD = "gnu++0x";
				CLANG_CXX_LIBRARY = "libc++";
				CLANG_ENABLE_MODULES = YES;
				CLANG_ENABLE_OBJC_ARC = YES;
				CLANG_WARN_BOOL_CONVERSION = YES;
				CLANG_WARN_CONSTANT_CONVERSION = YES;
				CLANG_WARN_DIRECT_OBJC_ISA_USAGE = YES_ERROR;
				CLANG_WARN_DOCUMENTATION_COMMENTS = YES;
				CLANG_WARN_EMPTY_BODY = YES;
				CLANG_WARN_ENUM_CONVERSION = YES;
				CLANG_WARN_INFINITE_RECURSION = YES;
				CLANG_WARN_INT_CONVERSION = YES;
				CLANG_WARN_OBJC_ROOT_CLASS = YES_ERROR;
				CLANG_WARN_SUSPICIOUS_MOVE = YES;
				CLANG_WARN_UNREACHABLE_CODE = YES;
				CLANG_WARN__DUPLICATE_METHOD_MATCH = YES;
				"CODE_SIGN_IDENTITY[sdk=iphoneos*]" = "iPhone Developer";
				COPY_PHASE_STRIP = NO;
				DEBUG_INFORMATION_FORMAT = dwarf;
				ENABLE_STRICT_OBJC_MSGSEND = YES;
				ENABLE_TESTABILITY = YES;
				GCC_C_LANGUAGE_STANDARD = gnu99;
				GCC_DYNAMIC_NO_PIC = NO;
				GCC_NO_COMMON_BLOCKS = YES;
				GCC_OPTIMIZATION_LEVEL = 0;
				GCC_PREPROCESSOR_DEFINITIONS = (
					"DEBUG=1",
					"$(inherited)",
				);
				GCC_WARN_64_TO_32_BIT_CONVERSION = YES;
				GCC_WARN_ABOUT_RETURN_TYPE = YES_ERROR;
				GCC_WARN_UNDECLARED_SELECTOR = YES;
				GCC_WARN_UNINITIALIZED_AUTOS = YES_AGGRESSIVE;
				GCC_WARN_UNUSED_FUNCTION = YES;
				GCC_WARN_UNUSED_VARIABLE = YES;
				IPHONEOS_DEPLOYMENT_TARGET = 10.3;
				MTL_ENABLE_DEBUG_INFO = YES;
				ONLY_ACTIVE_ARCH = YES;
				SDKROOT = iphoneos;
			};
			name = Debug;
		};
		1A189F8B1F5B0BB300FC9458 /* Release */ = {
			isa = XCBuildConfiguration;
			buildSettings = {
				ALWAYS_SEARCH_USER_PATHS = NO;
				CLANG_ANALYZER_NONNULL = YES;
				CLANG_ANALYZER_NUMBER_OBJECT_CONVERSION = YES_AGGRESSIVE;
				CLANG_CXX_LANGUAGE_STANDARD = "gnu++0x";
				CLANG_CXX_LIBRARY = "libc++";
				CLANG_ENABLE_MODULES = YES;
				CLANG_ENABLE_OBJC_ARC = YES;
				CLANG_WARN_BOOL_CONVERSION = YES;
				CLANG_WARN_CONSTANT_CONVERSION = YES;
				CLANG_WARN_DIRECT_OBJC_ISA_USAGE = YES_ERROR;
				CLANG_WARN_DOCUMENTATION_COMMENTS = YES;
				CLANG_WARN_EMPTY_BODY = YES;
				CLANG_WARN_ENUM_CONVERSION = YES;
				CLANG_WARN_INFINITE_RECURSION = YES;
				CLANG_WARN_INT_CONVERSION = YES;
				CLANG_WARN_OBJC_ROOT_CLASS = YES_ERROR;
				CLANG_WARN_SUSPICIOUS_MOVE = YES;
				CLANG_WARN_UNREACHABLE_CODE = YES;
				CLANG_WARN__DUPLICATE_METHOD_MATCH = YES;
				"CODE_SIGN_IDENTITY[sdk=iphoneos*]" = "iPhone Developer";
				COPY_PHASE_STRIP = NO;
				DEBUG_INFORMATION_FORMAT = "dwarf-with-dsym";
				ENABLE_NS_ASSERTIONS = NO;
				ENABLE_STRICT_OBJC_MSGSEND = YES;
				GCC_C_LANGUAGE_STANDARD = gnu99;
				GCC_NO_COMMON_BLOCKS = YES;
				GCC_WARN_64_TO_32_BIT_CONVERSION = YES;
				GCC_WARN_ABOUT_RETURN_TYPE = YES_ERROR;
				GCC_WARN_UNDECLARED_SELECTOR = YES;
				GCC_WARN_UNINITIALIZED_AUTOS = YES_AGGRESSIVE;
				GCC_WARN_UNUSED_FUNCTION = YES;
				GCC_WARN_UNUSED_VARIABLE = YES;
				IPHONEOS_DEPLOYMENT_TARGET = 10.3;
				MTL_ENABLE_DEBUG_INFO = NO;
				SDKROOT = iphoneos;
				VALIDATE_PRODUCT = YES;
			};
			name = Release;
		};
		1A189F8D1F5B0BB300FC9458 /* Debug */ = {
			isa = XCBuildConfiguration;
			buildSettings = {
				ASSETCATALOG_COMPILER_APPICON_NAME = AppIcon;
				DEVELOPMENT_TEAM = 944KK5XXJ3;
				INFOPLIST_FILE = MVC_variants/Info.plist;
				LD_RUNPATH_SEARCH_PATHS = "$(inherited) @executable_path/Frameworks";
				PRODUCT_BUNDLE_IDENTIFIER = "vint-rock.corporation.com.MVC-variants";
				PRODUCT_NAME = "$(TARGET_NAME)";
			};
			name = Debug;
		};
		1A189F8E1F5B0BB300FC9458 /* Release */ = {
			isa = XCBuildConfiguration;
			buildSettings = {
				ASSETCATALOG_COMPILER_APPICON_NAME = AppIcon;
				DEVELOPMENT_TEAM = 944KK5XXJ3;
				INFOPLIST_FILE = MVC_variants/Info.plist;
				LD_RUNPATH_SEARCH_PATHS = "$(inherited) @executable_path/Frameworks";
				PRODUCT_BUNDLE_IDENTIFIER = "vint-rock.corporation.com.MVC-variants";
				PRODUCT_NAME = "$(TARGET_NAME)";
			};
			name = Release;
		};
/* End XCBuildConfiguration section */

/* Begin XCConfigurationList section */
		1A189F701F5B0BB300FC9458 /* Build configuration list for PBXProject "MVC_variants" */ = {
			isa = XCConfigurationList;
			buildConfigurations = (
				1A189F8A1F5B0BB300FC9458 /* Debug */,
				1A189F8B1F5B0BB300FC9458 /* Release */,
			);
			defaultConfigurationIsVisible = 0;
			defaultConfigurationName = Release;
		};
		1A189F8C1F5B0BB300FC9458 /* Build configuration list for PBXNativeTarget "MVC_variants" */ = {
			isa = XCConfigurationList;
			buildConfigurations = (
				1A189F8D1F5B0BB300FC9458 /* Debug */,
				1A189F8E1F5B0BB300FC9458 /* Release */,
			);
			defaultConfigurationIsVisible = 0;
		};
/* End XCConfigurationList section */
	};
	rootObject = 1A189F6D1F5B0BB300FC9458 /* Project object */;
}
